
Microsoft Visual Studio Solution File, Format Version 12.00
# Visual Studio Version 17
VisualStudioVersion = 17.1.32228.430
MinimumVisualStudioVersion = 10.0.40219.1
Project("{FAE04EC0-301F-11D3-BF4B-00C04F79EFBC}") = "IBMMobile.Android", "IBMMobile\IBMMobile.Android\IBMMobile.Android.csproj", "{82636FC5-5369-4D91-AE7E-35550B45A17F}"
EndProject
Project("{FAE04EC0-301F-11D3-BF4B-00C04F79EFBC}") = "IBMMobile.iOS", "IBMMobile\IBMMobile.iOS\IBMMobile.iOS.csproj", "{FBEB5CBA-D475-4DC0-B3C4-0691E89E89D7}"
EndProject
Project("{FAE04EC0-301F-11D3-BF4B-00C04F79EFBC}") = "IBMMobile", "IBMMobile\IBMMobile\IBMMobile.csproj", "{9BFEA5B9-B048-4921-972C-7E8D8B8119AB}"
EndProject
Global
	GlobalSection(SolutionConfigurationPlatforms) = preSolution
		Debug|Any CPU = Debug|Any CPU
		Debug|iPhone = Debug|iPhone
		Debug|iPhoneSimulator = Debug|iPhoneSimulator
		Release|Any CPU = Release|Any CPU
		Release|iPhone = Release|iPhone
		Release|iPhoneSimulator = Release|iPhoneSimulator
	EndGlobalSection
	GlobalSection(ProjectConfigurationPlatforms) = postSolution
		{82636FC5-5369-4D91-AE7E-35550B45A17F}.Debug|Any CPU.ActiveCfg = Debug|Any CPU
		{82636FC5-5369-4D91-AE7E-35550B45A17F}.Debug|Any CPU.Build.0 = Debug|Any CPU
		{82636FC5-5369-4D91-AE7E-35550B45A17F}.Debug|Any CPU.Deploy.0 = Debug|Any CPU
		{82636FC5-5369-4D91-AE7E-35550B45A17F}.Debug|iPhone.ActiveCfg = Debug|Any CPU
		{82636FC5-5369-4D91-AE7E-35550B45A17F}.Debug|iPhone.Build.0 = Debug|Any CPU
		{82636FC5-5369-4D91-AE7E-35550B45A17F}.Debug|iPhone.Deploy.0 = Debug|Any CPU
		{82636FC5-5369-4D91-AE7E-35550B45A17F}.Debug|iPhoneSimulator.ActiveCfg = Debug|Any CPU
		{82636FC5-5369-4D91-AE7E-35550B45A17F}.Debug|iPhoneSimulator.Build.0 = Debug|Any CPU
		{82636FC5-5369-4D91-AE7E-35550B45A17F}.Debug|iPhoneSimulator.Deploy.0 = Debug|Any CPU
		{82636FC5-5369-4D91-AE7E-35550B45A17F}.Release|Any CPU.ActiveCfg = Release|Any CPU
		{82636FC5-5369-4D91-AE7E-35550B45A17F}.Release|Any CPU.Build.0 = Release|Any CPU
		{82636FC5-5369-4D91-AE7E-35550B45A17F}.Release|Any CPU.Deploy.0 = Release|Any CPU
		{82636FC5-5369-4D91-AE7E-35550B45A17F}.Release|iPhone.ActiveCfg = Release|Any CPU
		{82636FC5-5369-4D91-AE7E-35550B45A17F}.Release|iPhone.Build.0 = Release|Any CPU
		{82636FC5-5369-4D91-AE7E-35550B45A17F}.Release|iPhone.Deploy.0 = Release|Any CPU
		{82636FC5-5369-4D91-AE7E-35550B45A17F}.Release|iPhoneSimulator.ActiveCfg = Release|Any CPU
		{82636FC5-5369-4D91-AE7E-35550B45A17F}.Release|iPhoneSimulator.Build.0 = Release|Any CPU
		{82636FC5-5369-4D91-AE7E-35550B45A17F}.Release|iPhoneSimulator.Deploy.0 = Release|Any CPU
		{FBEB5CBA-D475-4DC0-B3C4-0691E89E89D7}.Debug|Any CPU.ActiveCfg = Debug|iPhone
		{FBEB5CBA-D475-4DC0-B3C4-0691E89E89D7}.Debug|Any CPU.Build.0 = Debug|iPhone
		{FBEB5CBA-D475-4DC0-B3C4-0691E89E89D7}.Debug|Any CPU.Deploy.0 = Debug|iPhone
		{FBEB5CBA-D475-4DC0-B3C4-0691E89E89D7}.Debug|iPhone.ActiveCfg = Debug|iPhone
		{FBEB5CBA-D475-4DC0-B3C4-0691E89E89D7}.Debug|iPhone.Build.0 = Debug|iPhone
		{FBEB5CBA-D475-4DC0-B3C4-0691E89E89D7}.Debug|iPhone.Deploy.0 = Debug|iPhone
		{FBEB5CBA-D475-4DC0-B3C4-0691E89E89D7}.Debug|iPhoneSimulator.ActiveCfg = Debug|iPhoneSimulator
		{FBEB5CBA-D475-4DC0-B3C4-0691E89E89D7}.Debug|iPhoneSimulator.Build.0 = Debug|iPhoneSimulator
		{FBEB5CBA-D475-4DC0-B3C4-0691E89E89D7}.Debug|iPhoneSimulator.Deploy.0 = Debug|iPhoneSimulator
		{FBEB5CBA-D475-4DC0-B3C4-0691E89E89D7}.Release|Any CPU.ActiveCfg = Release|iPhoneSimulator
		{FBEB5CBA-D475-4DC0-B3C4-0691E89E89D7}.Release|Any CPU.Build.0 = Release|iPhoneSimulator
		{FBEB5CBA-D475-4DC0-B3C4-0691E89E89D7}.Release|Any CPU.Deploy.0 = Release|iPhoneSimulator
		{FBEB5CBA-D475-4DC0-B3C4-0691E89E89D7}.Release|iPhone.ActiveCfg = Release|iPhone
		{FBEB5CBA-D475-4DC0-B3C4-0691E89E89D7}.Release|iPhone.Build.0 = Release|iPhone
		{FBEB5CBA-D475-4DC0-B3C4-0691E89E89D7}.Release|iPhone.Deploy.0 = Release|iPhone
		{FBEB5CBA-D475-4DC0-B3C4-0691E89E89D7}.Release|iPhoneSimulator.ActiveCfg = Release|iPhoneSimulator
		{FBEB5CBA-D475-4DC0-B3C4-0691E89E89D7}.Release|iPhoneSimulator.Build.0 = Release|iPhoneSimulator
		{FBEB5CBA-D475-4DC0-B3C4-0691E89E89D7}.Release|iPhoneSimulator.Deploy.0 = Release|iPhoneSimulator
		{9BFEA5B9-B048-4921-972C-7E8D8B8119AB}.Debug|Any CPU.ActiveCfg = Debug|Any CPU
		{9BFEA5B9-B048-4921-972C-7E8D8B8119AB}.Debug|Any CPU.Build.0 = Debug|Any CPU
		{9BFEA5B9-B048-4921-972C-7E8D8B8119AB}.Debug|Any CPU.Deploy.0 = Debug|Any CPU
		{9BFEA5B9-B048-4921-972C-7E8D8B8119AB}.Debug|iPhone.ActiveCfg = Debug|Any CPU
		{9BFEA5B9-B048-4921-972C-7E8D8B8119AB}.Debug|iPhone.Build.0 = Debug|Any CPU
		{9BFEA5B9-B048-4921-972C-7E8D8B8119AB}.Debug|iPhone.Deploy.0 = Debug|Any CPU
		{9BFEA5B9-B048-4921-972C-7E8D8B8119AB}.Debug|iPhoneSimulator.ActiveCfg = Debug|Any CPU
		{9BFEA5B9-B048-4921-972C-7E8D8B8119AB}.Debug|iPhoneSimulator.Build.0 = Debug|Any CPU
		{9BFEA5B9-B048-4921-972C-7E8D8B8119AB}.Debug|iPhoneSimulator.Deploy.0 = Debug|Any CPU
		{9BFEA5B9-B048-4921-972C-7E8D8B8119AB}.Release|Any CPU.ActiveCfg = Release|Any CPU
		{9BFEA5B9-B048-4921-972C-7E8D8B8119AB}.Release|Any CPU.Build.0 = Release|Any CPU
		{9BFEA5B9-B048-4921-972C-7E8D8B8119AB}.Release|Any CPU.Deploy.0 = Release|Any CPU
		{9BFEA5B9-B048-4921-972C-7E8D8B8119AB}.Release|iPhone.ActiveCfg = Release|Any CPU
		{9BFEA5B9-B048-4921-972C-7E8D8B8119AB}.Release|iPhone.Build.0 = Release|Any CPU
		{9BFEA5B9-B048-4921-972C-7E8D8B8119AB}.Release|iPhone.Deploy.0 = Release|Any CPU
		{9BFEA5B9-B048-4921-972C-7E8D8B8119AB}.Release|iPhoneSimulator.ActiveCfg = Release|Any CPU
		{9BFEA5B9-B048-4921-972C-7E8D8B8119AB}.Release|iPhoneSimulator.Build.0 = Release|Any CPU
		{9BFEA5B9-B048-4921-972C-7E8D8B8119AB}.Release|iPhoneSimulator.Deploy.0 = Release|Any CPU
	EndGlobalSection
	GlobalSection(SolutionProperties) = preSolution
		HideSolutionNode = FALSE
	EndGlobalSection
	GlobalSection(ExtensibilityGlobals) = postSolution
		SolutionGuid = {1F4A0F06-F7E9-4145-B4D8-568F803C524E}
	EndGlobalSection
EndGlobal
